
Microsoft Visual Studio Solution File, Format Version 12.00
# Visual Studio Version 17
VisualStudioVersion = 17.0.31912.275
MinimumVisualStudioVersion = 10.0.40219.1
Project("{FAE04EC0-301F-11D3-BF4B-00C04F79EFBC}") = "lab3_oop", "lab3_oop\lab3_oop.csproj", "{0E31C10D-984A-4DB6-99C0-1B994C2D9FCA}"
EndProject
Global
	GlobalSection(SolutionConfigurationPlatforms) = preSolution
		Debug|Any CPU = Debug|Any CPU
		Release|Any CPU = Release|Any CPU
	EndGlobalSection
	GlobalSection(ProjectConfigurationPlatforms) = postSolution
		{0E31C10D-984A-4DB6-99C0-1B994C2D9FCA}.Debug|Any CPU.ActiveCfg = Debug|Any CPU
		{0E31C10D-984A-4DB6-99C0-1B994C2D9FCA}.Debug|Any CPU.Build.0 = Debug|Any CPU
		{0E31C10D-984A-4DB6-99C0-1B994C2D9FCA}.Release|Any CPU.ActiveCfg = Release|Any CPU
		{0E31C10D-984A-4DB6-99C0-1B994C2D9FCA}.Release|Any CPU.Build.0 = Release|Any CPU
	EndGlobalSection
	GlobalSection(SolutionProperties) = preSolution
		HideSolutionNode = FALSE
	EndGlobalSection
	GlobalSection(ExtensibilityGlobals) = postSolution
		SolutionGuid = {15A28CA5-FD33-4CAD-A90A-033C68BAA585}
	EndGlobalSection
EndGlobal
